
Microsoft Visual Studio Solution File, Format Version 12.00
# Visual Studio Version 16
VisualStudioVersion = 16.0.29519.87
MinimumVisualStudioVersion = 10.0.40219.1
Project("{FAE04EC0-301F-11D3-BF4B-00C04F79EFBC}") = "MaiJueShi", "MaiJueShi\MaiJueShi.csproj", "{2DA5452C-0FE8-4BBE-B7B5-6E29088D79D9}"
EndProject
Global
	GlobalSection(SolutionConfigurationPlatforms) = preSolution
		Debug|Any CPU = Debug|Any CPU
		Release|Any CPU = Release|Any CPU
	EndGlobalSection
	GlobalSection(ProjectConfigurationPlatforms) = postSolution
		{2DA5452C-0FE8-4BBE-B7B5-6E29088D79D9}.Debug|Any CPU.ActiveCfg = Debug|Any CPU
		{2DA5452C-0FE8-4BBE-B7B5-6E29088D79D9}.Debug|Any CPU.Build.0 = Debug|Any CPU
		{2DA5452C-0FE8-4BBE-B7B5-6E29088D79D9}.Release|Any CPU.ActiveCfg = Release|Any CPU
		{2DA5452C-0FE8-4BBE-B7B5-6E29088D79D9}.Release|Any CPU.Build.0 = Release|Any CPU
	EndGlobalSection
	GlobalSection(SolutionProperties) = preSolution
		HideSolutionNode = FALSE
	EndGlobalSection
	GlobalSection(ExtensibilityGlobals) = postSolution
		SolutionGuid = {C933D276-B0E9-4953-B15E-41421F925877}
	EndGlobalSection
EndGlobal
